
Microsoft Visual Studio Solution File, Format Version 12.00
# Visual Studio Version 16
VisualStudioVersion = 16.0.30320.27
MinimumVisualStudioVersion = 10.0.40219.1
Project("{9A19103F-16F7-4668-BE54-9A1E7A4F7556}") = "Intranet.web", "Intranet.web\Intranet.web.csproj", "{4B2B9F01-3C21-4A75-8207-13A98FFBADDF}"
EndProject
Project("{9A19103F-16F7-4668-BE54-9A1E7A4F7556}") = "Intranet.Common", "Intranet.Common\Intranet.Common.csproj", "{61824A73-23B6-4218-8401-D56BE4D82E7C}"
EndProject
Project("{FAE04EC0-301F-11D3-BF4B-00C04F79EFBC}") = "Intranet.Prism", "Intranet.Prism\Intranet.Prism\Intranet.Prism.csproj", "{939888E1-95B9-49A1-AC6D-C8B616507A1D}"
EndProject
Project("{FAE04EC0-301F-11D3-BF4B-00C04F79EFBC}") = "Intranet.Prism.Android", "Intranet.Prism\Intranet.Prism.Android\Intranet.Prism.Android.csproj", "{94C781D8-7EFA-4197-9D60-707F32A73383}"
EndProject
Project("{FAE04EC0-301F-11D3-BF4B-00C04F79EFBC}") = "Intranet.Prism.iOS", "Intranet.Prism\Intranet.Prism.iOS\Intranet.Prism.iOS.csproj", "{4065A394-DDD0-424A-AA13-6241CF891134}"
EndProject
Project("{FAE04EC0-301F-11D3-BF4B-00C04F79EFBC}") = "Intranet.Prism.UWP", "Intranet.Prism\Intranet.Prism.UWP\Intranet.Prism.UWP.csproj", "{9FCA476D-4A8D-4989-A640-8DA604ECCB1F}"
EndProject
Global
	GlobalSection(SolutionConfigurationPlatforms) = preSolution
		Ad-Hoc|Any CPU = Ad-Hoc|Any CPU
		Ad-Hoc|ARM = Ad-Hoc|ARM
		Ad-Hoc|iPhone = Ad-Hoc|iPhone
		Ad-Hoc|iPhoneSimulator = Ad-Hoc|iPhoneSimulator
		Ad-Hoc|x64 = Ad-Hoc|x64
		Ad-Hoc|x86 = Ad-Hoc|x86
		AppStore|Any CPU = AppStore|Any CPU
		AppStore|ARM = AppStore|ARM
		AppStore|iPhone = AppStore|iPhone
		AppStore|iPhoneSimulator = AppStore|iPhoneSimulator
		AppStore|x64 = AppStore|x64
		AppStore|x86 = AppStore|x86
		Debug|Any CPU = Debug|Any CPU
		Debug|ARM = Debug|ARM
		Debug|iPhone = Debug|iPhone
		Debug|iPhoneSimulator = Debug|iPhoneSimulator
		Debug|x64 = Debug|x64
		Debug|x86 = Debug|x86
		Release|Any CPU = Release|Any CPU
		Release|ARM = Release|ARM
		Release|iPhone = Release|iPhone
		Release|iPhoneSimulator = Release|iPhoneSimulator
		Release|x64 = Release|x64
		Release|x86 = Release|x86
	EndGlobalSection
	GlobalSection(ProjectConfigurationPlatforms) = postSolution
		{4B2B9F01-3C21-4A75-8207-13A98FFBADDF}.Ad-Hoc|Any CPU.ActiveCfg = Release|Any CPU
		{4B2B9F01-3C21-4A75-8207-13A98FFBADDF}.Ad-Hoc|Any CPU.Build.0 = Release|Any CPU
		{4B2B9F01-3C21-4A75-8207-13A98FFBADDF}.Ad-Hoc|ARM.ActiveCfg = Release|Any CPU
		{4B2B9F01-3C21-4A75-8207-13A98FFBADDF}.Ad-Hoc|ARM.Build.0 = Release|Any CPU
		{4B2B9F01-3C21-4A75-8207-13A98FFBADDF}.Ad-Hoc|iPhone.ActiveCfg = Release|Any CPU
		{4B2B9F01-3C21-4A75-8207-13A98FFBADDF}.Ad-Hoc|iPhone.Build.0 = Release|Any CPU
		{4B2B9F01-3C21-4A75-8207-13A98FFBADDF}.Ad-Hoc|iPhoneSimulator.ActiveCfg = Release|Any CPU
		{4B2B9F01-3C21-4A75-8207-13A98FFBADDF}.Ad-Hoc|iPhoneSimulator.Build.0 = Release|Any CPU
		{4B2B9F01-3C21-4A75-8207-13A98FFBADDF}.Ad-Hoc|x64.ActiveCfg = Release|Any CPU
		{4B2B9F01-3C21-4A75-8207-13A98FFBADDF}.Ad-Hoc|x64.Build.0 = Release|Any CPU
		{4B2B9F01-3C21-4A75-8207-13A98FFBADDF}.Ad-Hoc|x86.ActiveCfg = Release|Any CPU
		{4B2B9F01-3C21-4A75-8207-13A98FFBADDF}.Ad-Hoc|x86.Build.0 = Release|Any CPU
		{4B2B9F01-3C21-4A75-8207-13A98FFBADDF}.AppStore|Any CPU.ActiveCfg = Release|Any CPU
		{4B2B9F01-3C21-4A75-8207-13A98FFBADDF}.AppStore|Any CPU.Build.0 = Release|Any CPU
		{4B2B9F01-3C21-4A75-8207-13A98FFBADDF}.AppStore|ARM.ActiveCfg = Release|Any CPU
		{4B2B9F01-3C21-4A75-8207-13A98FFBADDF}.AppStore|ARM.Build.0 = Release|Any CPU
		{4B2B9F01-3C21-4A75-8207-13A98FFBADDF}.AppStore|iPhone.ActiveCfg = Release|Any CPU
		{4B2B9F01-3C21-4A75-8207-13A98FFBADDF}.AppStore|iPhone.Build.0 = Release|Any CPU
		{4B2B9F01-3C21-4A75-8207-13A98FFBADDF}.AppStore|iPhoneSimulator.ActiveCfg = Release|Any CPU
		{4B2B9F01-3C21-4A75-8207-13A98FFBADDF}.AppStore|iPhoneSimulator.Build.0 = Release|Any CPU
		{4B2B9F01-3C21-4A75-8207-13A98FFBADDF}.AppStore|x64.ActiveCfg = Release|Any CPU
		{4B2B9F01-3C21-4A75-8207-13A98FFBADDF}.AppStore|x64.Build.0 = Release|Any CPU
		{4B2B9F01-3C21-4A75-8207-13A98FFBADDF}.AppStore|x86.ActiveCfg = Release|Any CPU
		{4B2B9F01-3C21-4A75-8207-13A98FFBADDF}.AppStore|x86.Build.0 = Release|Any CPU
		{4B2B9F01-3C21-4A75-8207-13A98FFBADDF}.Debug|Any CPU.ActiveCfg = Debug|Any CPU
		{4B2B9F01-3C21-4A75-8207-13A98FFBADDF}.Debug|Any CPU.Build.0 = Debug|Any CPU
		{4B2B9F01-3C21-4A75-8207-13A98FFBADDF}.Debug|ARM.ActiveCfg = Debug|Any CPU
		{4B2B9F01-3C21-4A75-8207-13A98FFBADDF}.Debug|ARM.Build.0 = Debug|Any CPU
		{4B2B9F01-3C21-4A75-8207-13A98FFBADDF}.Debug|iPhone.ActiveCfg = Debug|Any CPU
		{4B2B9F01-3C21-4A75-8207-13A98FFBADDF}.Debug|iPhone.Build.0 = Debug|Any CPU
		{4B2B9F01-3C21-4A75-8207-13A98FFBADDF}.Debug|iPhoneSimulator.ActiveCfg = Debug|Any CPU
		{4B2B9F01-3C21-4A75-8207-13A98FFBADDF}.Debug|iPhoneSimulator.Build.0 = Debug|Any CPU
		{4B2B9F01-3C21-4A75-8207-13A98FFBADDF}.Debug|x64.ActiveCfg = Debug|Any CPU
		{4B2B9F01-3C21-4A75-8207-13A98FFBADDF}.Debug|x64.Build.0 = Debug|Any CPU
		{4B2B9F01-3C21-4A75-8207-13A98FFBADDF}.Debug|x86.ActiveCfg = Debug|Any CPU
		{4B2B9F01-3C21-4A75-8207-13A98FFBADDF}.Debug|x86.Build.0 = Debug|Any CPU
		{4B2B9F01-3C21-4A75-8207-13A98FFBADDF}.Release|Any CPU.ActiveCfg = Release|Any CPU
		{4B2B9F01-3C21-4A75-8207-13A98FFBADDF}.Release|Any CPU.Build.0 = Release|Any CPU
		{4B2B9F01-3C21-4A75-8207-13A98FFBADDF}.Release|ARM.ActiveCfg = Release|Any CPU
		{4B2B9F01-3C21-4A75-8207-13A98FFBADDF}.Release|ARM.Build.0 = Release|Any CPU
		{4B2B9F01-3C21-4A75-8207-13A98FFBADDF}.Release|iPhone.ActiveCfg = Release|Any CPU
		{4B2B9F01-3C21-4A75-8207-13A98FFBADDF}.Release|iPhone.Build.0 = Release|Any CPU
		{4B2B9F01-3C21-4A75-8207-13A98FFBADDF}.Release|iPhoneSimulator.ActiveCfg = Release|Any CPU
		{4B2B9F01-3C21-4A75-8207-13A98FFBADDF}.Release|iPhoneSimulator.Build.0 = Release|Any CPU
		{4B2B9F01-3C21-4A75-8207-13A98FFBADDF}.Release|x64.ActiveCfg = Release|Any CPU
		{4B2B9F01-3C21-4A75-8207-13A98FFBADDF}.Release|x64.Build.0 = Release|Any CPU
		{4B2B9F01-3C21-4A75-8207-13A98FFBADDF}.Release|x86.ActiveCfg = Release|Any CPU
		{4B2B9F01-3C21-4A75-8207-13A98FFBADDF}.Release|x86.Build.0 = Release|Any CPU
		{61824A73-23B6-4218-8401-D56BE4D82E7C}.Ad-Hoc|Any CPU.ActiveCfg = Release|Any CPU
		{61824A73-23B6-4218-8401-D56BE4D82E7C}.Ad-Hoc|Any CPU.Build.0 = Release|Any CPU
		{61824A73-23B6-4218-8401-D56BE4D82E7C}.Ad-Hoc|ARM.ActiveCfg = Release|Any CPU
		{61824A73-23B6-4218-8401-D56BE4D82E7C}.Ad-Hoc|ARM.Build.0 = Release|Any CPU
		{61824A73-23B6-4218-8401-D56BE4D82E7C}.Ad-Hoc|iPhone.ActiveCfg = Release|Any CPU
		{61824A73-23B6-4218-8401-D56BE4D82E7C}.Ad-Hoc|iPhone.Build.0 = Release|Any CPU
		{61824A73-23B6-4218-8401-D56BE4D82E7C}.Ad-Hoc|iPhoneSimulator.ActiveCfg = Release|Any CPU
		{61824A73-23B6-4218-8401-D56BE4D82E7C}.Ad-Hoc|iPhoneSimulator.Build.0 = Release|Any CPU
		{61824A73-23B6-4218-8401-D56BE4D82E7C}.Ad-Hoc|x64.ActiveCfg = Release|Any CPU
		{61824A73-23B6-4218-8401-D56BE4D82E7C}.Ad-Hoc|x64.Build.0 = Release|Any CPU
		{61824A73-23B6-4218-8401-D56BE4D82E7C}.Ad-Hoc|x86.ActiveCfg = Release|Any CPU
		{61824A73-23B6-4218-8401-D56BE4D82E7C}.Ad-Hoc|x86.Build.0 = Release|Any CPU
		{61824A73-23B6-4218-8401-D56BE4D82E7C}.AppStore|Any CPU.ActiveCfg = Release|Any CPU
		{61824A73-23B6-4218-8401-D56BE4D82E7C}.AppStore|Any CPU.Build.0 = Release|Any CPU
		{61824A73-23B6-4218-8401-D56BE4D82E7C}.AppStore|ARM.ActiveCfg = Release|Any CPU
		{61824A73-23B6-4218-8401-D56BE4D82E7C}.AppStore|ARM.Build.0 = Release|Any CPU
		{61824A73-23B6-4218-8401-D56BE4D82E7C}.AppStore|iPhone.ActiveCfg = Release|Any CPU
		{61824A73-23B6-4218-8401-D56BE4D82E7C}.AppStore|iPhone.Build.0 = Release|Any CPU
		{61824A73-23B6-4218-8401-D56BE4D82E7C}.AppStore|iPhoneSimulator.ActiveCfg = Release|Any CPU
		{61824A73-23B6-4218-8401-D56BE4D82E7C}.AppStore|iPhoneSimulator.Build.0 = Release|Any CPU
		{61824A73-23B6-4218-8401-D56BE4D82E7C}.AppStore|x64.ActiveCfg = Release|Any CPU
		{61824A73-23B6-4218-8401-D56BE4D82E7C}.AppStore|x64.Build.0 = Release|Any CPU
		{61824A73-23B6-4218-8401-D56BE4D82E7C}.AppStore|x86.ActiveCfg = Release|Any CPU
		{61824A73-23B6-4218-8401-D56BE4D82E7C}.AppStore|x86.Build.0 = Release|Any CPU
		{61824A73-23B6-4218-8401-D56BE4D82E7C}.Debug|Any CPU.ActiveCfg = Debug|Any CPU
		{61824A73-23B6-4218-8401-D56BE4D82E7C}.Debug|Any CPU.Build.0 = Debug|Any CPU
		{61824A73-23B6-4218-8401-D56BE4D82E7C}.Debug|ARM.ActiveCfg = Debug|Any CPU
		{61824A73-23B6-4218-8401-D56BE4D82E7C}.Debug|ARM.Build.0 = Debug|Any CPU
		{61824A73-23B6-4218-8401-D56BE4D82E7C}.Debug|iPhone.ActiveCfg = Debug|Any CPU
		{61824A73-23B6-4218-8401-D56BE4D82E7C}.Debug|iPhone.Build.0 = Debug|Any CPU
		{61824A73-23B6-4218-8401-D56BE4D82E7C}.Debug|iPhoneSimulator.ActiveCfg = Debug|Any CPU
		{61824A73-23B6-4218-8401-D56BE4D82E7C}.Debug|iPhoneSimulator.Build.0 = Debug|Any CPU
		{61824A73-23B6-4218-8401-D56BE4D82E7C}.Debug|x64.ActiveCfg = Debug|Any CPU
		{61824A73-23B6-4218-8401-D56BE4D82E7C}.Debug|x64.Build.0 = Debug|Any CPU
		{61824A73-23B6-4218-8401-D56BE4D82E7C}.Debug|x86.ActiveCfg = Debug|Any CPU
		{61824A73-23B6-4218-8401-D56BE4D82E7C}.Debug|x86.Build.0 = Debug|Any CPU
		{61824A73-23B6-4218-8401-D56BE4D82E7C}.Release|Any CPU.ActiveCfg = Release|Any CPU
		{61824A73-23B6-4218-8401-D56BE4D82E7C}.Release|Any CPU.Build.0 = Release|Any CPU
		{61824A73-23B6-4218-8401-D56BE4D82E7C}.Release|ARM.ActiveCfg = Release|Any CPU
		{61824A73-23B6-4218-8401-D56BE4D82E7C}.Release|ARM.Build.0 = Release|Any CPU
		{61824A73-23B6-4218-8401-D56BE4D82E7C}.Release|iPhone.ActiveCfg = Release|Any CPU
		{61824A73-23B6-4218-8401-D56BE4D82E7C}.Release|iPhone.Build.0 = Release|Any CPU
		{61824A73-23B6-4218-8401-D56BE4D82E7C}.Release|iPhoneSimulator.ActiveCfg = Release|Any CPU
		{61824A73-23B6-4218-8401-D56BE4D82E7C}.Release|iPhoneSimulator.Build.0 = Release|Any CPU
		{61824A73-23B6-4218-8401-D56BE4D82E7C}.Release|x64.ActiveCfg = Release|Any CPU
		{61824A73-23B6-4218-8401-D56BE4D82E7C}.Release|x64.Build.0 = Release|Any CPU
		{61824A73-23B6-4218-8401-D56BE4D82E7C}.Release|x86.ActiveCfg = Release|Any CPU
		{61824A73-23B6-4218-8401-D56BE4D82E7C}.Release|x86.Build.0 = Release|Any CPU
		{939888E1-95B9-49A1-AC6D-C8B616507A1D}.Ad-Hoc|Any CPU.ActiveCfg = Debug|Any CPU
		{939888E1-95B9-49A1-AC6D-C8B616507A1D}.Ad-Hoc|Any CPU.Build.0 = Debug|Any CPU
		{939888E1-95B9-49A1-AC6D-C8B616507A1D}.Ad-Hoc|ARM.ActiveCfg = Debug|Any CPU
		{939888E1-95B9-49A1-AC6D-C8B616507A1D}.Ad-Hoc|ARM.Build.0 = Debug|Any CPU
		{939888E1-95B9-49A1-AC6D-C8B616507A1D}.Ad-Hoc|iPhone.ActiveCfg = Debug|Any CPU
		{939888E1-95B9-49A1-AC6D-C8B616507A1D}.Ad-Hoc|iPhone.Build.0 = Debug|Any CPU
		{939888E1-95B9-49A1-AC6D-C8B616507A1D}.Ad-Hoc|iPhoneSimulator.ActiveCfg = Debug|Any CPU
		{939888E1-95B9-49A1-AC6D-C8B616507A1D}.Ad-Hoc|iPhoneSimulator.Build.0 = Debug|Any CPU
		{939888E1-95B9-49A1-AC6D-C8B616507A1D}.Ad-Hoc|x64.ActiveCfg = Debug|Any CPU
		{939888E1-95B9-49A1-AC6D-C8B616507A1D}.Ad-Hoc|x64.Build.0 = Debug|Any CPU
		{939888E1-95B9-49A1-AC6D-C8B616507A1D}.Ad-Hoc|x86.ActiveCfg = Debug|Any CPU
		{939888E1-95B9-49A1-AC6D-C8B616507A1D}.Ad-Hoc|x86.Build.0 = Debug|Any CPU
		{939888E1-95B9-49A1-AC6D-C8B616507A1D}.AppStore|Any CPU.ActiveCfg = Debug|Any CPU
		{939888E1-95B9-49A1-AC6D-C8B616507A1D}.AppStore|Any CPU.Build.0 = Debug|Any CPU
		{939888E1-95B9-49A1-AC6D-C8B616507A1D}.AppStore|ARM.ActiveCfg = Debug|Any CPU
		{939888E1-95B9-49A1-AC6D-C8B616507A1D}.AppStore|ARM.Build.0 = Debug|Any CPU
		{939888E1-95B9-49A1-AC6D-C8B616507A1D}.AppStore|iPhone.ActiveCfg = Debug|Any CPU
		{939888E1-95B9-49A1-AC6D-C8B616507A1D}.AppStore|iPhone.Build.0 = Debug|Any CPU
		{939888E1-95B9-49A1-AC6D-C8B616507A1D}.AppStore|iPhoneSimulator.ActiveCfg = Debug|Any CPU
		{939888E1-95B9-49A1-AC6D-C8B616507A1D}.AppStore|iPhoneSimulator.Build.0 = Debug|Any CPU
		{939888E1-95B9-49A1-AC6D-C8B616507A1D}.AppStore|x64.ActiveCfg = Debug|Any CPU
		{939888E1-95B9-49A1-AC6D-C8B616507A1D}.AppStore|x64.Build.0 = Debug|Any CPU
		{939888E1-95B9-49A1-AC6D-C8B616507A1D}.AppStore|x86.ActiveCfg = Debug|Any CPU
		{939888E1-95B9-49A1-AC6D-C8B616507A1D}.AppStore|x86.Build.0 = Debug|Any CPU
		{939888E1-95B9-49A1-AC6D-C8B616507A1D}.Debug|Any CPU.ActiveCfg = Debug|Any CPU
		{939888E1-95B9-49A1-AC6D-C8B616507A1D}.Debug|Any CPU.Build.0 = Debug|Any CPU
		{939888E1-95B9-49A1-AC6D-C8B616507A1D}.Debug|ARM.ActiveCfg = Debug|Any CPU
		{939888E1-95B9-49A1-AC6D-C8B616507A1D}.Debug|ARM.Build.0 = Debug|Any CPU
		{939888E1-95B9-49A1-AC6D-C8B616507A1D}.Debug|iPhone.ActiveCfg = Debug|Any CPU
		{939888E1-95B9-49A1-AC6D-C8B616507A1D}.Debug|iPhone.Build.0 = Debug|Any CPU
		{939888E1-95B9-49A1-AC6D-C8B616507A1D}.Debug|iPhoneSimulator.ActiveCfg = Debug|Any CPU
		{939888E1-95B9-49A1-AC6D-C8B616507A1D}.Debug|iPhoneSimulator.Build.0 = Debug|Any CPU
		{939888E1-95B9-49A1-AC6D-C8B616507A1D}.Debug|x64.ActiveCfg = Debug|Any CPU
		{939888E1-95B9-49A1-AC6D-C8B616507A1D}.Debug|x64.Build.0 = Debug|Any CPU
		{939888E1-95B9-49A1-AC6D-C8B616507A1D}.Debug|x86.ActiveCfg = Debug|Any CPU
		{939888E1-95B9-49A1-AC6D-C8B616507A1D}.Debug|x86.Build.0 = Debug|Any CPU
		{939888E1-95B9-49A1-AC6D-C8B616507A1D}.Release|Any CPU.ActiveCfg = Release|Any CPU
		{939888E1-95B9-49A1-AC6D-C8B616507A1D}.Release|Any CPU.Build.0 = Release|Any CPU
		{939888E1-95B9-49A1-AC6D-C8B616507A1D}.Release|ARM.ActiveCfg = Release|Any CPU
		{939888E1-95B9-49A1-AC6D-C8B616507A1D}.Release|ARM.Build.0 = Release|Any CPU
		{939888E1-95B9-49A1-AC6D-C8B616507A1D}.Release|iPhone.ActiveCfg = Release|Any CPU
		{939888E1-95B9-49A1-AC6D-C8B616507A1D}.Release|iPhone.Build.0 = Release|Any CPU
		{939888E1-95B9-49A1-AC6D-C8B616507A1D}.Release|iPhoneSimulator.ActiveCfg = Release|Any CPU
		{939888E1-95B9-49A1-AC6D-C8B616507A1D}.Release|iPhoneSimulator.Build.0 = Release|Any CPU
		{939888E1-95B9-49A1-AC6D-C8B616507A1D}.Release|x64.ActiveCfg = Release|Any CPU
		{939888E1-95B9-49A1-AC6D-C8B616507A1D}.Release|x64.Build.0 = Release|Any CPU
		{939888E1-95B9-49A1-AC6D-C8B616507A1D}.Release|x86.ActiveCfg = Release|Any CPU
		{939888E1-95B9-49A1-AC6D-C8B616507A1D}.Release|x86.Build.0 = Release|Any CPU
		{94C781D8-7EFA-4197-9D60-707F32A73383}.Ad-Hoc|Any CPU.ActiveCfg = Release|Any CPU
		{94C781D8-7EFA-4197-9D60-707F32A73383}.Ad-Hoc|Any CPU.Build.0 = Release|Any CPU
		{94C781D8-7EFA-4197-9D60-707F32A73383}.Ad-Hoc|Any CPU.Deploy.0 = Release|Any CPU
		{94C781D8-7EFA-4197-9D60-707F32A73383}.Ad-Hoc|ARM.ActiveCfg = Release|Any CPU
		{94C781D8-7EFA-4197-9D60-707F32A73383}.Ad-Hoc|ARM.Build.0 = Release|Any CPU
		{94C781D8-7EFA-4197-9D60-707F32A73383}.Ad-Hoc|ARM.Deploy.0 = Release|Any CPU
		{94C781D8-7EFA-4197-9D60-707F32A73383}.Ad-Hoc|iPhone.ActiveCfg = Release|Any CPU
		{94C781D8-7EFA-4197-9D60-707F32A73383}.Ad-Hoc|iPhone.Build.0 = Release|Any CPU
		{94C781D8-7EFA-4197-9D60-707F32A73383}.Ad-Hoc|iPhone.Deploy.0 = Release|Any CPU
		{94C781D8-7EFA-4197-9D60-707F32A73383}.Ad-Hoc|iPhoneSimulator.ActiveCfg = Release|Any CPU
		{94C781D8-7EFA-4197-9D60-707F32A73383}.Ad-Hoc|iPhoneSimulator.Build.0 = Release|Any CPU
		{94C781D8-7EFA-4197-9D60-707F32A73383}.Ad-Hoc|iPhoneSimulator.Deploy.0 = Release|Any CPU
		{94C781D8-7EFA-4197-9D60-707F32A73383}.Ad-Hoc|x64.ActiveCfg = Release|Any CPU
		{94C781D8-7EFA-4197-9D60-707F32A73383}.Ad-Hoc|x64.Build.0 = Release|Any CPU
		{94C781D8-7EFA-4197-9D60-707F32A73383}.Ad-Hoc|x64.Deploy.0 = Release|Any CPU
		{94C781D8-7EFA-4197-9D60-707F32A73383}.Ad-Hoc|x86.ActiveCfg = Release|Any CPU
		{94C781D8-7EFA-4197-9D60-707F32A73383}.Ad-Hoc|x86.Build.0 = Release|Any CPU
		{94C781D8-7EFA-4197-9D60-707F32A73383}.Ad-Hoc|x86.Deploy.0 = Release|Any CPU
		{94C781D8-7EFA-4197-9D60-707F32A73383}.AppStore|Any CPU.ActiveCfg = Release|Any CPU
		{94C781D8-7EFA-4197-9D60-707F32A73383}.AppStore|Any CPU.Build.0 = Release|Any CPU
		{94C781D8-7EFA-4197-9D60-707F32A73383}.AppStore|Any CPU.Deploy.0 = Release|Any CPU
		{94C781D8-7EFA-4197-9D60-707F32A73383}.AppStore|ARM.ActiveCfg = Release|Any CPU
		{94C781D8-7EFA-4197-9D60-707F32A73383}.AppStore|ARM.Build.0 = Release|Any CPU
		{94C781D8-7EFA-4197-9D60-707F32A73383}.AppStore|ARM.Deploy.0 = Release|Any CPU
		{94C781D8-7EFA-4197-9D60-707F32A73383}.AppStore|iPhone.ActiveCfg = Release|Any CPU
		{94C781D8-7EFA-4197-9D60-707F32A73383}.AppStore|iPhone.Build.0 = Release|Any CPU
		{94C781D8-7EFA-4197-9D60-707F32A73383}.AppStore|iPhone.Deploy.0 = Release|Any CPU
		{94C781D8-7EFA-4197-9D60-707F32A73383}.AppStore|iPhoneSimulator.ActiveCfg = Release|Any CPU
		{94C781D8-7EFA-4197-9D60-707F32A73383}.AppStore|iPhoneSimulator.Build.0 = Release|Any CPU
		{94C781D8-7EFA-4197-9D60-707F32A73383}.AppStore|iPhoneSimulator.Deploy.0 = Release|Any CPU
		{94C781D8-7EFA-4197-9D60-707F32A73383}.AppStore|x64.ActiveCfg = Release|Any CPU
		{94C781D8-7EFA-4197-9D60-707F32A73383}.AppStore|x64.Build.0 = Release|Any CPU
		{94C781D8-7EFA-4197-9D60-707F32A73383}.AppStore|x64.Deploy.0 = Release|Any CPU
		{94C781D8-7EFA-4197-9D60-707F32A73383}.AppStore|x86.ActiveCfg = Release|Any CPU
		{94C781D8-7EFA-4197-9D60-707F32A73383}.AppStore|x86.Build.0 = Release|Any CPU
		{94C781D8-7EFA-4197-9D60-707F32A73383}.AppStore|x86.Deploy.0 = Release|Any CPU
		{94C781D8-7EFA-4197-9D60-707F32A73383}.Debug|Any CPU.ActiveCfg = Debug|Any CPU
		{94C781D8-7EFA-4197-9D60-707F32A73383}.Debug|Any CPU.Build.0 = Debug|Any CPU
		{94C781D8-7EFA-4197-9D60-707F32A73383}.Debug|Any CPU.Deploy.0 = Debug|Any CPU
		{94C781D8-7EFA-4197-9D60-707F32A73383}.Debug|ARM.ActiveCfg = Debug|Any CPU
		{94C781D8-7EFA-4197-9D60-707F32A73383}.Debug|ARM.Build.0 = Debug|Any CPU
		{94C781D8-7EFA-4197-9D60-707F32A73383}.Debug|ARM.Deploy.0 = Debug|Any CPU
		{94C781D8-7EFA-4197-9D60-707F32A73383}.Debug|iPhone.ActiveCfg = Debug|Any CPU
		{94C781D8-7EFA-4197-9D60-707F32A73383}.Debug|iPhone.Build.0 = Debug|Any CPU
		{94C781D8-7EFA-4197-9D60-707F32A73383}.Debug|iPhone.Deploy.0 = Debug|Any CPU
		{94C781D8-7EFA-4197-9D60-707F32A73383}.Debug|iPhoneSimulator.ActiveCfg = Debug|Any CPU
		{94C781D8-7EFA-4197-9D60-707F32A73383}.Debug|iPhoneSimulator.Build.0 = Debug|Any CPU
		{94C781D8-7EFA-4197-9D60-707F32A73383}.Debug|iPhoneSimulator.Deploy.0 = Debug|Any CPU
		{94C781D8-7EFA-4197-9D60-707F32A73383}.Debug|x64.ActiveCfg = Debug|Any CPU
		{94C781D8-7EFA-4197-9D60-707F32A73383}.Debug|x64.Build.0 = Debug|Any CPU
		{94C781D8-7EFA-4197-9D60-707F32A73383}.Debug|x64.Deploy.0 = Debug|Any CPU
		{94C781D8-7EFA-4197-9D60-707F32A73383}.Debug|x86.ActiveCfg = Debug|Any CPU
		{94C781D8-7EFA-4197-9D60-707F32A73383}.Debug|x86.Build.0 = Debug|Any CPU
		{94C781D8-7EFA-4197-9D60-707F32A73383}.Debug|x86.Deploy.0 = Debug|Any CPU
		{94C781D8-7EFA-4197-9D60-707F32A73383}.Release|Any CPU.ActiveCfg = Release|Any CPU
		{94C781D8-7EFA-4197-9D60-707F32A73383}.Release|Any CPU.Build.0 = Release|Any CPU
		{94C781D8-7EFA-4197-9D60-707F32A73383}.Release|Any CPU.Deploy.0 = Release|Any CPU
		{94C781D8-7EFA-4197-9D60-707F32A73383}.Release|ARM.ActiveCfg = Release|Any CPU
		{94C781D8-7EFA-4197-9D60-707F32A73383}.Release|ARM.Build.0 = Release|Any CPU
		{94C781D8-7EFA-4197-9D60-707F32A73383}.Release|ARM.Deploy.0 = Release|Any CPU
		{94C781D8-7EFA-4197-9D60-707F32A73383}.Release|iPhone.ActiveCfg = Release|Any CPU
		{94C781D8-7EFA-4197-9D60-707F32A73383}.Release|iPhone.Build.0 = Release|Any CPU
		{94C781D8-7EFA-4197-9D60-707F32A73383}.Release|iPhone.Deploy.0 = Release|Any CPU
		{94C781D8-7EFA-4197-9D60-707F32A73383}.Release|iPhoneSimulator.ActiveCfg = Release|Any CPU
		{94C781D8-7EFA-4197-9D60-707F32A73383}.Release|iPhoneSimulator.Build.0 = Release|Any CPU
		{94C781D8-7EFA-4197-9D60-707F32A73383}.Release|iPhoneSimulator.Deploy.0 = Release|Any CPU
		{94C781D8-7EFA-4197-9D60-707F32A73383}.Release|x64.ActiveCfg = Release|Any CPU
		{94C781D8-7EFA-4197-9D60-707F32A73383}.Release|x64.Build.0 = Release|Any CPU
		{94C781D8-7EFA-4197-9D60-707F32A73383}.Release|x64.Deploy.0 = Release|Any CPU
		{94C781D8-7EFA-4197-9D60-707F32A73383}.Release|x86.ActiveCfg = Release|Any CPU
		{94C781D8-7EFA-4197-9D60-707F32A73383}.Release|x86.Build.0 = Release|Any CPU
		{94C781D8-7EFA-4197-9D60-707F32A73383}.Release|x86.Deploy.0 = Release|Any CPU
		{4065A394-DDD0-424A-AA13-6241CF891134}.Ad-Hoc|Any CPU.ActiveCfg = Ad-Hoc|iPhone
		{4065A394-DDD0-424A-AA13-6241CF891134}.Ad-Hoc|ARM.ActiveCfg = Ad-Hoc|iPhone
		{4065A394-DDD0-424A-AA13-6241CF891134}.Ad-Hoc|iPhone.ActiveCfg = Ad-Hoc|iPhone
		{4065A394-DDD0-424A-AA13-6241CF891134}.Ad-Hoc|iPhone.Build.0 = Ad-Hoc|iPhone
		{4065A394-DDD0-424A-AA13-6241CF891134}.Ad-Hoc|iPhoneSimulator.ActiveCfg = Ad-Hoc|iPhoneSimulator
		{4065A394-DDD0-424A-AA13-6241CF891134}.Ad-Hoc|iPhoneSimulator.Build.0 = Ad-Hoc|iPhoneSimulator
		{4065A394-DDD0-424A-AA13-6241CF891134}.Ad-Hoc|x64.ActiveCfg = Ad-Hoc|iPhone
		{4065A394-DDD0-424A-AA13-6241CF891134}.Ad-Hoc|x86.ActiveCfg = Ad-Hoc|iPhone
		{4065A394-DDD0-424A-AA13-6241CF891134}.AppStore|Any CPU.ActiveCfg = AppStore|iPhone
		{4065A394-DDD0-424A-AA13-6241CF891134}.AppStore|ARM.ActiveCfg = AppStore|iPhone
		{4065A394-DDD0-424A-AA13-6241CF891134}.AppStore|iPhone.ActiveCfg = AppStore|iPhone
		{4065A394-DDD0-424A-AA13-6241CF891134}.AppStore|iPhone.Build.0 = AppStore|iPhone
		{4065A394-DDD0-424A-AA13-6241CF891134}.AppStore|iPhoneSimulator.ActiveCfg = AppStore|iPhoneSimulator
		{4065A394-DDD0-424A-AA13-6241CF891134}.AppStore|iPhoneSimulator.Build.0 = AppStore|iPhoneSimulator
		{4065A394-DDD0-424A-AA13-6241CF891134}.AppStore|x64.ActiveCfg = AppStore|iPhone
		{4065A394-DDD0-424A-AA13-6241CF891134}.AppStore|x86.ActiveCfg = AppStore|iPhone
		{4065A394-DDD0-424A-AA13-6241CF891134}.Debug|Any CPU.ActiveCfg = Debug|iPhone
		{4065A394-DDD0-424A-AA13-6241CF891134}.Debug|ARM.ActiveCfg = Debug|iPhone
		{4065A394-DDD0-424A-AA13-6241CF891134}.Debug|iPhone.ActiveCfg = Debug|iPhone
		{4065A394-DDD0-424A-AA13-6241CF891134}.Debug|iPhone.Build.0 = Debug|iPhone
		{4065A394-DDD0-424A-AA13-6241CF891134}.Debug|iPhoneSimulator.ActiveCfg = Debug|iPhoneSimulator
		{4065A394-DDD0-424A-AA13-6241CF891134}.Debug|iPhoneSimulator.Build.0 = Debug|iPhoneSimulator
		{4065A394-DDD0-424A-AA13-6241CF891134}.Debug|x64.ActiveCfg = Debug|iPhone
		{4065A394-DDD0-424A-AA13-6241CF891134}.Debug|x86.ActiveCfg = Debug|iPhone
		{4065A394-DDD0-424A-AA13-6241CF891134}.Release|Any CPU.ActiveCfg = Release|iPhone
		{4065A394-DDD0-424A-AA13-6241CF891134}.Release|ARM.ActiveCfg = Release|iPhone
		{4065A394-DDD0-424A-AA13-6241CF891134}.Release|iPhone.ActiveCfg = Release|iPhone
		{4065A394-DDD0-424A-AA13-6241CF891134}.Release|iPhone.Build.0 = Release|iPhone
		{4065A394-DDD0-424A-AA13-6241CF891134}.Release|iPhoneSimulator.ActiveCfg = Release|iPhoneSimulator
		{4065A394-DDD0-424A-AA13-6241CF891134}.Release|iPhoneSimulator.Build.0 = Release|iPhoneSimulator
		{4065A394-DDD0-424A-AA13-6241CF891134}.Release|x64.ActiveCfg = Release|iPhone
		{4065A394-DDD0-424A-AA13-6241CF891134}.Release|x86.ActiveCfg = Release|iPhone
		{9FCA476D-4A8D-4989-A640-8DA604ECCB1F}.Ad-Hoc|Any CPU.ActiveCfg = Release|x86
		{9FCA476D-4A8D-4989-A640-8DA604ECCB1F}.Ad-Hoc|Any CPU.Build.0 = Release|x86
		{9FCA476D-4A8D-4989-A640-8DA604ECCB1F}.Ad-Hoc|Any CPU.Deploy.0 = Release|x86
		{9FCA476D-4A8D-4989-A640-8DA604ECCB1F}.Ad-Hoc|ARM.ActiveCfg = Release|ARM
		{9FCA476D-4A8D-4989-A640-8DA604ECCB1F}.Ad-Hoc|ARM.Build.0 = Release|ARM
		{9FCA476D-4A8D-4989-A640-8DA604ECCB1F}.Ad-Hoc|ARM.Deploy.0 = Release|ARM
		{9FCA476D-4A8D-4989-A640-8DA604ECCB1F}.Ad-Hoc|iPhone.ActiveCfg = Release|x86
		{9FCA476D-4A8D-4989-A640-8DA604ECCB1F}.Ad-Hoc|iPhone.Build.0 = Release|x86
		{9FCA476D-4A8D-4989-A640-8DA604ECCB1F}.Ad-Hoc|iPhone.Deploy.0 = Release|x86
		{9FCA476D-4A8D-4989-A640-8DA604ECCB1F}.Ad-Hoc|iPhoneSimulator.ActiveCfg = Release|x86
		{9FCA476D-4A8D-4989-A640-8DA604ECCB1F}.Ad-Hoc|iPhoneSimulator.Build.0 = Release|x86
		{9FCA476D-4A8D-4989-A640-8DA604ECCB1F}.Ad-Hoc|iPhoneSimulator.Deploy.0 = Release|x86
		{9FCA476D-4A8D-4989-A640-8DA604ECCB1F}.Ad-Hoc|x64.ActiveCfg = Release|x64
		{9FCA476D-4A8D-4989-A640-8DA604ECCB1F}.Ad-Hoc|x64.Build.0 = Release|x64
		{9FCA476D-4A8D-4989-A640-8DA604ECCB1F}.Ad-Hoc|x64.Deploy.0 = Release|x64
		{9FCA476D-4A8D-4989-A640-8DA604ECCB1F}.Ad-Hoc|x86.ActiveCfg = Release|x86
		{9FCA476D-4A8D-4989-A640-8DA604ECCB1F}.Ad-Hoc|x86.Build.0 = Release|x86
		{9FCA476D-4A8D-4989-A640-8DA604ECCB1F}.Ad-Hoc|x86.Deploy.0 = Release|x86
		{9FCA476D-4A8D-4989-A640-8DA604ECCB1F}.AppStore|Any CPU.ActiveCfg = Release|x86
		{9FCA476D-4A8D-4989-A640-8DA604ECCB1F}.AppStore|Any CPU.Build.0 = Release|x86
		{9FCA476D-4A8D-4989-A640-8DA604ECCB1F}.AppStore|Any CPU.Deploy.0 = Release|x86
		{9FCA476D-4A8D-4989-A640-8DA604ECCB1F}.AppStore|ARM.ActiveCfg = Release|ARM
		{9FCA476D-4A8D-4989-A640-8DA604ECCB1F}.AppStore|ARM.Build.0 = Release|ARM
		{9FCA476D-4A8D-4989-A640-8DA604ECCB1F}.AppStore|ARM.Deploy.0 = Release|ARM
		{9FCA476D-4A8D-4989-A640-8DA604ECCB1F}.AppStore|iPhone.ActiveCfg = Release|x86
		{9FCA476D-4A8D-4989-A640-8DA604ECCB1F}.AppStore|iPhone.Build.0 = Release|x86
		{9FCA476D-4A8D-4989-A640-8DA604ECCB1F}.AppStore|iPhone.Deploy.0 = Release|x86
		{9FCA476D-4A8D-4989-A640-8DA604ECCB1F}.AppStore|iPhoneSimulator.ActiveCfg = Release|x86
		{9FCA476D-4A8D-4989-A640-8DA604ECCB1F}.AppStore|iPhoneSimulator.Build.0 = Release|x86
		{9FCA476D-4A8D-4989-A640-8DA604ECCB1F}.AppStore|iPhoneSimulator.Deploy.0 = Release|x86
		{9FCA476D-4A8D-4989-A640-8DA604ECCB1F}.AppStore|x64.ActiveCfg = Release|x64
		{9FCA476D-4A8D-4989-A640-8DA604ECCB1F}.AppStore|x64.Build.0 = Release|x64
		{9FCA476D-4A8D-4989-A640-8DA604ECCB1F}.AppStore|x64.Deploy.0 = Release|x64
		{9FCA476D-4A8D-4989-A640-8DA604ECCB1F}.AppStore|x86.ActiveCfg = Release|x86
		{9FCA476D-4A8D-4989-A640-8DA604ECCB1F}.AppStore|x86.Build.0 = Release|x86
		{9FCA476D-4A8D-4989-A640-8DA604ECCB1F}.AppStore|x86.Deploy.0 = Release|x86
		{9FCA476D-4A8D-4989-A640-8DA604ECCB1F}.Debug|Any CPU.ActiveCfg = Debug|x86
		{9FCA476D-4A8D-4989-A640-8DA604ECCB1F}.Debug|ARM.ActiveCfg = Debug|ARM
		{9FCA476D-4A8D-4989-A640-8DA604ECCB1F}.Debug|ARM.Build.0 = Debug|ARM
		{9FCA476D-4A8D-4989-A640-8DA604ECCB1F}.Debug|ARM.Deploy.0 = Debug|ARM
		{9FCA476D-4A8D-4989-A640-8DA604ECCB1F}.Debug|iPhone.ActiveCfg = Debug|x86
		{9FCA476D-4A8D-4989-A640-8DA604ECCB1F}.Debug|iPhoneSimulator.ActiveCfg = Debug|x86
		{9FCA476D-4A8D-4989-A640-8DA604ECCB1F}.Debug|x64.ActiveCfg = Debug|x64
		{9FCA476D-4A8D-4989-A640-8DA604ECCB1F}.Debug|x64.Build.0 = Debug|x64
		{9FCA476D-4A8D-4989-A640-8DA604ECCB1F}.Debug|x64.Deploy.0 = Debug|x64
		{9FCA476D-4A8D-4989-A640-8DA604ECCB1F}.Debug|x86.ActiveCfg = Debug|x86
		{9FCA476D-4A8D-4989-A640-8DA604ECCB1F}.Debug|x86.Build.0 = Debug|x86
		{9FCA476D-4A8D-4989-A640-8DA604ECCB1F}.Debug|x86.Deploy.0 = Debug|x86
		{9FCA476D-4A8D-4989-A640-8DA604ECCB1F}.Release|Any CPU.ActiveCfg = Release|x86
		{9FCA476D-4A8D-4989-A640-8DA604ECCB1F}.Release|ARM.ActiveCfg = Release|ARM
		{9FCA476D-4A8D-4989-A640-8DA604ECCB1F}.Release|ARM.Build.0 = Release|ARM
		{9FCA476D-4A8D-4989-A640-8DA604ECCB1F}.Release|ARM.Deploy.0 = Release|ARM
		{9FCA476D-4A8D-4989-A640-8DA604ECCB1F}.Release|iPhone.ActiveCfg = Release|x86
		{9FCA476D-4A8D-4989-A640-8DA604ECCB1F}.Release|iPhoneSimulator.ActiveCfg = Release|x86
		{9FCA476D-4A8D-4989-A640-8DA604ECCB1F}.Release|x64.ActiveCfg = Release|x64
		{9FCA476D-4A8D-4989-A640-8DA604ECCB1F}.Release|x64.Build.0 = Release|x64
		{9FCA476D-4A8D-4989-A640-8DA604ECCB1F}.Release|x64.Deploy.0 = Release|x64
		{9FCA476D-4A8D-4989-A640-8DA604ECCB1F}.Release|x86.ActiveCfg = Release|x86
		{9FCA476D-4A8D-4989-A640-8DA604ECCB1F}.Release|x86.Build.0 = Release|x86
		{9FCA476D-4A8D-4989-A640-8DA604ECCB1F}.Release|x86.Deploy.0 = Release|x86
	EndGlobalSection
	GlobalSection(SolutionProperties) = preSolution
		HideSolutionNode = FALSE
	EndGlobalSection
	GlobalSection(ExtensibilityGlobals) = postSolution
		SolutionGuid = {66B42FEB-6967-4DC6-ABE2-93DA34761879}
	EndGlobalSection
EndGlobal
